
Microsoft Visual Studio Solution File, Format Version 12.00
# Visual Studio Version 17
VisualStudioVersion = 17.2.32526.322
MinimumVisualStudioVersion = 10.0.40219.1
Project("{FAE04EC0-301F-11D3-BF4B-00C04F79EFBC}") = "Monosabios", "Monosabios\Monosabios.csproj", "{AB2C0DAD-76B9-437C-9F04-A635BF5FB20C}"
EndProject
Global
	GlobalSection(SolutionConfigurationPlatforms) = preSolution
		Debug|Any CPU = Debug|Any CPU
		Release|Any CPU = Release|Any CPU
	EndGlobalSection
	GlobalSection(ProjectConfigurationPlatforms) = postSolution
		{AB2C0DAD-76B9-437C-9F04-A635BF5FB20C}.Debug|Any CPU.ActiveCfg = Debug|Any CPU
		{AB2C0DAD-76B9-437C-9F04-A635BF5FB20C}.Debug|Any CPU.Build.0 = Debug|Any CPU
		{AB2C0DAD-76B9-437C-9F04-A635BF5FB20C}.Release|Any CPU.ActiveCfg = Release|Any CPU
		{AB2C0DAD-76B9-437C-9F04-A635BF5FB20C}.Release|Any CPU.Build.0 = Release|Any CPU
	EndGlobalSection
	GlobalSection(SolutionProperties) = preSolution
		HideSolutionNode = FALSE
	EndGlobalSection
	GlobalSection(ExtensibilityGlobals) = postSolution
		SolutionGuid = {E039F78B-3CE1-42D0-9870-834C24BC33D2}
	EndGlobalSection
EndGlobal
